
Microsoft Visual Studio Solution File, Format Version 12.00
# Visual Studio Version 16
VisualStudioVersion = 16.6.30114.105
MinimumVisualStudioVersion = 10.0.40219.1
Project("{FAE04EC0-301F-11D3-BF4B-00C04F79EFBC}") = "FrontEnd", "FrontEnd\FrontEnd.csproj", "{083291FE-1FBA-4FBA-A7DF-82033FFD3395}"
EndProject
Project("{FAE04EC0-301F-11D3-BF4B-00C04F79EFBC}") = "Letters", "Letters\Letters.csproj", "{7DAC9029-9895-4925-8E47-26960B9E1239}"
EndProject
Project("{FAE04EC0-301F-11D3-BF4B-00C04F79EFBC}") = "Numbers", "Numbers\Numbers.csproj", "{7A8A0F2F-9C92-4EC3-8E85-85529023D8AB}"
EndProject
Project("{FAE04EC0-301F-11D3-BF4B-00C04F79EFBC}") = "Merge", "Merge\Merge.csproj", "{514061BB-F0A3-48C2-95A3-0202A5B014A9}"
EndProject
Global
	GlobalSection(SolutionConfigurationPlatforms) = preSolution
		Debug|Any CPU = Debug|Any CPU
		Debug|x64 = Debug|x64
		Debug|x86 = Debug|x86
		Release|Any CPU = Release|Any CPU
		Release|x64 = Release|x64
		Release|x86 = Release|x86
	EndGlobalSection
	GlobalSection(SolutionProperties) = preSolution
		HideSolutionNode = FALSE
	EndGlobalSection
	GlobalSection(ProjectConfigurationPlatforms) = postSolution
		{083291FE-1FBA-4FBA-A7DF-82033FFD3395}.Debug|Any CPU.ActiveCfg = Debug|Any CPU
		{083291FE-1FBA-4FBA-A7DF-82033FFD3395}.Debug|Any CPU.Build.0 = Debug|Any CPU
		{083291FE-1FBA-4FBA-A7DF-82033FFD3395}.Debug|x64.ActiveCfg = Debug|Any CPU
		{083291FE-1FBA-4FBA-A7DF-82033FFD3395}.Debug|x64.Build.0 = Debug|Any CPU
		{083291FE-1FBA-4FBA-A7DF-82033FFD3395}.Debug|x86.ActiveCfg = Debug|Any CPU
		{083291FE-1FBA-4FBA-A7DF-82033FFD3395}.Debug|x86.Build.0 = Debug|Any CPU
		{083291FE-1FBA-4FBA-A7DF-82033FFD3395}.Release|Any CPU.ActiveCfg = Release|Any CPU
		{083291FE-1FBA-4FBA-A7DF-82033FFD3395}.Release|Any CPU.Build.0 = Release|Any CPU
		{083291FE-1FBA-4FBA-A7DF-82033FFD3395}.Release|x64.ActiveCfg = Release|Any CPU
		{083291FE-1FBA-4FBA-A7DF-82033FFD3395}.Release|x64.Build.0 = Release|Any CPU
		{083291FE-1FBA-4FBA-A7DF-82033FFD3395}.Release|x86.ActiveCfg = Release|Any CPU
		{083291FE-1FBA-4FBA-A7DF-82033FFD3395}.Release|x86.Build.0 = Release|Any CPU
		{7DAC9029-9895-4925-8E47-26960B9E1239}.Debug|Any CPU.ActiveCfg = Debug|Any CPU
		{7DAC9029-9895-4925-8E47-26960B9E1239}.Debug|Any CPU.Build.0 = Debug|Any CPU
		{7DAC9029-9895-4925-8E47-26960B9E1239}.Debug|x64.ActiveCfg = Debug|Any CPU
		{7DAC9029-9895-4925-8E47-26960B9E1239}.Debug|x64.Build.0 = Debug|Any CPU
		{7DAC9029-9895-4925-8E47-26960B9E1239}.Debug|x86.ActiveCfg = Debug|Any CPU
		{7DAC9029-9895-4925-8E47-26960B9E1239}.Debug|x86.Build.0 = Debug|Any CPU
		{7DAC9029-9895-4925-8E47-26960B9E1239}.Release|Any CPU.ActiveCfg = Release|Any CPU
		{7DAC9029-9895-4925-8E47-26960B9E1239}.Release|Any CPU.Build.0 = Release|Any CPU
		{7DAC9029-9895-4925-8E47-26960B9E1239}.Release|x64.ActiveCfg = Release|Any CPU
		{7DAC9029-9895-4925-8E47-26960B9E1239}.Release|x64.Build.0 = Release|Any CPU
		{7DAC9029-9895-4925-8E47-26960B9E1239}.Release|x86.ActiveCfg = Release|Any CPU
		{7DAC9029-9895-4925-8E47-26960B9E1239}.Release|x86.Build.0 = Release|Any CPU
		{7A8A0F2F-9C92-4EC3-8E85-85529023D8AB}.Debug|Any CPU.ActiveCfg = Debug|Any CPU
		{7A8A0F2F-9C92-4EC3-8E85-85529023D8AB}.Debug|Any CPU.Build.0 = Debug|Any CPU
		{7A8A0F2F-9C92-4EC3-8E85-85529023D8AB}.Debug|x64.ActiveCfg = Debug|Any CPU
		{7A8A0F2F-9C92-4EC3-8E85-85529023D8AB}.Debug|x64.Build.0 = Debug|Any CPU
		{7A8A0F2F-9C92-4EC3-8E85-85529023D8AB}.Debug|x86.ActiveCfg = Debug|Any CPU
		{7A8A0F2F-9C92-4EC3-8E85-85529023D8AB}.Debug|x86.Build.0 = Debug|Any CPU
		{7A8A0F2F-9C92-4EC3-8E85-85529023D8AB}.Release|Any CPU.ActiveCfg = Release|Any CPU
		{7A8A0F2F-9C92-4EC3-8E85-85529023D8AB}.Release|Any CPU.Build.0 = Release|Any CPU
		{7A8A0F2F-9C92-4EC3-8E85-85529023D8AB}.Release|x64.ActiveCfg = Release|Any CPU
		{7A8A0F2F-9C92-4EC3-8E85-85529023D8AB}.Release|x64.Build.0 = Release|Any CPU
		{7A8A0F2F-9C92-4EC3-8E85-85529023D8AB}.Release|x86.ActiveCfg = Release|Any CPU
		{7A8A0F2F-9C92-4EC3-8E85-85529023D8AB}.Release|x86.Build.0 = Release|Any CPU
		{514061BB-F0A3-48C2-95A3-0202A5B014A9}.Debug|Any CPU.ActiveCfg = Debug|Any CPU
		{514061BB-F0A3-48C2-95A3-0202A5B014A9}.Debug|Any CPU.Build.0 = Debug|Any CPU
		{514061BB-F0A3-48C2-95A3-0202A5B014A9}.Debug|x64.ActiveCfg = Debug|Any CPU
		{514061BB-F0A3-48C2-95A3-0202A5B014A9}.Debug|x64.Build.0 = Debug|Any CPU
		{514061BB-F0A3-48C2-95A3-0202A5B014A9}.Debug|x86.ActiveCfg = Debug|Any CPU
		{514061BB-F0A3-48C2-95A3-0202A5B014A9}.Debug|x86.Build.0 = Debug|Any CPU
		{514061BB-F0A3-48C2-95A3-0202A5B014A9}.Release|Any CPU.ActiveCfg = Release|Any CPU
		{514061BB-F0A3-48C2-95A3-0202A5B014A9}.Release|Any CPU.Build.0 = Release|Any CPU
		{514061BB-F0A3-48C2-95A3-0202A5B014A9}.Release|x64.ActiveCfg = Release|Any CPU
		{514061BB-F0A3-48C2-95A3-0202A5B014A9}.Release|x64.Build.0 = Release|Any CPU
		{514061BB-F0A3-48C2-95A3-0202A5B014A9}.Release|x86.ActiveCfg = Release|Any CPU
		{514061BB-F0A3-48C2-95A3-0202A5B014A9}.Release|x86.Build.0 = Release|Any CPU
	EndGlobalSection
EndGlobal
