
Microsoft Visual Studio Solution File, Format Version 12.00
# Visual Studio Version 16
VisualStudioVersion = 16.6.30114.105
MinimumVisualStudioVersion = 10.0.40219.1
Project("{FAE04EC0-301F-11D3-BF4B-00C04F79EFBC}") = "FrontEnd", "FrontEnd\FrontEnd.csproj", "{BD9DCDEB-6B91-4B5C-9719-D0DE57D76F22}"
EndProject
Project("{FAE04EC0-301F-11D3-BF4B-00C04F79EFBC}") = "Merge", "Merge\Merge.csproj", "{CE7A3341-2D38-4048-9089-9A4C2A7AF944}"
EndProject
Project("{FAE04EC0-301F-11D3-BF4B-00C04F79EFBC}") = "Letters", "Letters\Letters.csproj", "{6B5FBE00-ED1B-42FC-BEBA-AEA6064AFAC0}"
EndProject
Project("{FAE04EC0-301F-11D3-BF4B-00C04F79EFBC}") = "Numbers", "Numbers\Numbers.csproj", "{759B83BA-96DD-406A-91AD-CB66461E5133}"
EndProject
Global
	GlobalSection(SolutionConfigurationPlatforms) = preSolution
		Debug|Any CPU = Debug|Any CPU
		Debug|x64 = Debug|x64
		Debug|x86 = Debug|x86
		Release|Any CPU = Release|Any CPU
		Release|x64 = Release|x64
		Release|x86 = Release|x86
	EndGlobalSection
	GlobalSection(SolutionProperties) = preSolution
		HideSolutionNode = FALSE
	EndGlobalSection
	GlobalSection(ProjectConfigurationPlatforms) = postSolution
		{BD9DCDEB-6B91-4B5C-9719-D0DE57D76F22}.Debug|Any CPU.ActiveCfg = Debug|Any CPU
		{BD9DCDEB-6B91-4B5C-9719-D0DE57D76F22}.Debug|Any CPU.Build.0 = Debug|Any CPU
		{BD9DCDEB-6B91-4B5C-9719-D0DE57D76F22}.Debug|x64.ActiveCfg = Debug|Any CPU
		{BD9DCDEB-6B91-4B5C-9719-D0DE57D76F22}.Debug|x64.Build.0 = Debug|Any CPU
		{BD9DCDEB-6B91-4B5C-9719-D0DE57D76F22}.Debug|x86.ActiveCfg = Debug|Any CPU
		{BD9DCDEB-6B91-4B5C-9719-D0DE57D76F22}.Debug|x86.Build.0 = Debug|Any CPU
		{BD9DCDEB-6B91-4B5C-9719-D0DE57D76F22}.Release|Any CPU.ActiveCfg = Release|Any CPU
		{BD9DCDEB-6B91-4B5C-9719-D0DE57D76F22}.Release|Any CPU.Build.0 = Release|Any CPU
		{BD9DCDEB-6B91-4B5C-9719-D0DE57D76F22}.Release|x64.ActiveCfg = Release|Any CPU
		{BD9DCDEB-6B91-4B5C-9719-D0DE57D76F22}.Release|x64.Build.0 = Release|Any CPU
		{BD9DCDEB-6B91-4B5C-9719-D0DE57D76F22}.Release|x86.ActiveCfg = Release|Any CPU
		{BD9DCDEB-6B91-4B5C-9719-D0DE57D76F22}.Release|x86.Build.0 = Release|Any CPU
		{CE7A3341-2D38-4048-9089-9A4C2A7AF944}.Debug|Any CPU.ActiveCfg = Debug|Any CPU
		{CE7A3341-2D38-4048-9089-9A4C2A7AF944}.Debug|Any CPU.Build.0 = Debug|Any CPU
		{CE7A3341-2D38-4048-9089-9A4C2A7AF944}.Debug|x64.ActiveCfg = Debug|Any CPU
		{CE7A3341-2D38-4048-9089-9A4C2A7AF944}.Debug|x64.Build.0 = Debug|Any CPU
		{CE7A3341-2D38-4048-9089-9A4C2A7AF944}.Debug|x86.ActiveCfg = Debug|Any CPU
		{CE7A3341-2D38-4048-9089-9A4C2A7AF944}.Debug|x86.Build.0 = Debug|Any CPU
		{CE7A3341-2D38-4048-9089-9A4C2A7AF944}.Release|Any CPU.ActiveCfg = Release|Any CPU
		{CE7A3341-2D38-4048-9089-9A4C2A7AF944}.Release|Any CPU.Build.0 = Release|Any CPU
		{CE7A3341-2D38-4048-9089-9A4C2A7AF944}.Release|x64.ActiveCfg = Release|Any CPU
		{CE7A3341-2D38-4048-9089-9A4C2A7AF944}.Release|x64.Build.0 = Release|Any CPU
		{CE7A3341-2D38-4048-9089-9A4C2A7AF944}.Release|x86.ActiveCfg = Release|Any CPU
		{CE7A3341-2D38-4048-9089-9A4C2A7AF944}.Release|x86.Build.0 = Release|Any CPU
		{6B5FBE00-ED1B-42FC-BEBA-AEA6064AFAC0}.Debug|Any CPU.ActiveCfg = Debug|Any CPU
		{6B5FBE00-ED1B-42FC-BEBA-AEA6064AFAC0}.Debug|Any CPU.Build.0 = Debug|Any CPU
		{6B5FBE00-ED1B-42FC-BEBA-AEA6064AFAC0}.Debug|x64.ActiveCfg = Debug|Any CPU
		{6B5FBE00-ED1B-42FC-BEBA-AEA6064AFAC0}.Debug|x64.Build.0 = Debug|Any CPU
		{6B5FBE00-ED1B-42FC-BEBA-AEA6064AFAC0}.Debug|x86.ActiveCfg = Debug|Any CPU
		{6B5FBE00-ED1B-42FC-BEBA-AEA6064AFAC0}.Debug|x86.Build.0 = Debug|Any CPU
		{6B5FBE00-ED1B-42FC-BEBA-AEA6064AFAC0}.Release|Any CPU.ActiveCfg = Release|Any CPU
		{6B5FBE00-ED1B-42FC-BEBA-AEA6064AFAC0}.Release|Any CPU.Build.0 = Release|Any CPU
		{6B5FBE00-ED1B-42FC-BEBA-AEA6064AFAC0}.Release|x64.ActiveCfg = Release|Any CPU
		{6B5FBE00-ED1B-42FC-BEBA-AEA6064AFAC0}.Release|x64.Build.0 = Release|Any CPU
		{6B5FBE00-ED1B-42FC-BEBA-AEA6064AFAC0}.Release|x86.ActiveCfg = Release|Any CPU
		{6B5FBE00-ED1B-42FC-BEBA-AEA6064AFAC0}.Release|x86.Build.0 = Release|Any CPU
		{759B83BA-96DD-406A-91AD-CB66461E5133}.Debug|Any CPU.ActiveCfg = Debug|Any CPU
		{759B83BA-96DD-406A-91AD-CB66461E5133}.Debug|Any CPU.Build.0 = Debug|Any CPU
		{759B83BA-96DD-406A-91AD-CB66461E5133}.Debug|x64.ActiveCfg = Debug|Any CPU
		{759B83BA-96DD-406A-91AD-CB66461E5133}.Debug|x64.Build.0 = Debug|Any CPU
		{759B83BA-96DD-406A-91AD-CB66461E5133}.Debug|x86.ActiveCfg = Debug|Any CPU
		{759B83BA-96DD-406A-91AD-CB66461E5133}.Debug|x86.Build.0 = Debug|Any CPU
		{759B83BA-96DD-406A-91AD-CB66461E5133}.Release|Any CPU.ActiveCfg = Release|Any CPU
		{759B83BA-96DD-406A-91AD-CB66461E5133}.Release|Any CPU.Build.0 = Release|Any CPU
		{759B83BA-96DD-406A-91AD-CB66461E5133}.Release|x64.ActiveCfg = Release|Any CPU
		{759B83BA-96DD-406A-91AD-CB66461E5133}.Release|x64.Build.0 = Release|Any CPU
		{759B83BA-96DD-406A-91AD-CB66461E5133}.Release|x86.ActiveCfg = Release|Any CPU
		{759B83BA-96DD-406A-91AD-CB66461E5133}.Release|x86.Build.0 = Release|Any CPU
	EndGlobalSection
EndGlobal
